// !$*UTF8*$!
{
	archiveVersion = 1;
	classes = {
	};
	objectVersion = 55;
	objects = {

/* Begin PBXBuildFile section */
		5B33C1212749320A00F6A3EA /* AppDelegate.swift in Sources */ = {isa = PBXBuildFile; fileRef = 5B33C1202749320A00F6A3EA /* AppDelegate.swift */; };
		5B33C1232749320A00F6A3EA /* SceneDelegate.swift in Sources */ = {isa = PBXBuildFile; fileRef = 5B33C1222749320A00F6A3EA /* SceneDelegate.swift */; };
		5B33C1252749320A00F6A3EA /* ViewController.swift in Sources */ = {isa = PBXBuildFile; fileRef = 5B33C1242749320A00F6A3EA /* ViewController.swift */; };
		5B33C1282749320A00F6A3EA /* Main.storyboard in Resources */ = {isa = PBXBuildFile; fileRef = 5B33C1262749320A00F6A3EA /* Main.storyboard */; };
		5B33C12A2749320B00F6A3EA /* Assets.xcassets in Resources */ = {isa = PBXBuildFile; fileRef = 5B33C1292749320B00F6A3EA /* Assets.xcassets */; };
		5B33C12D2749320B00F6A3EA /* LaunchScreen.storyboard in Resources */ = {isa = PBXBuildFile; fileRef = 5B33C12B2749320B00F6A3EA /* LaunchScreen.storyboard */; };
		5B33C1382749320B00F6A3EA /* DeFiHackTests.swift in Sources */ = {isa = PBXBuildFile; fileRef = 5B33C1372749320B00F6A3EA /* DeFiHackTests.swift */; };
		5B33C1422749320B00F6A3EA /* DeFiHackUITests.swift in Sources */ = {isa = PBXBuildFile; fileRef = 5B33C1412749320B00F6A3EA /* DeFiHackUITests.swift */; };
		5B33C1442749320B00F6A3EA /* DeFiHackUITestsLaunchTests.swift in Sources */ = {isa = PBXBuildFile; fileRef = 5B33C1432749320B00F6A3EA /* DeFiHackUITestsLaunchTests.swift */; };
/* End PBXBuildFile section */

/* Begin PBXContainerItemProxy section */
		5B33C1342749320B00F6A3EA /* PBXContainerItemProxy */ = {
			isa = PBXContainerItemProxy;
			containerPortal = 5B33C1152749320A00F6A3EA /* Project object */;
			proxyType = 1;
			remoteGlobalIDString = 5B33C11C2749320A00F6A3EA;
			remoteInfo = DeFiHack;
		};
		5B33C13E2749320B00F6A3EA /* PBXContainerItemProxy */ = {
			isa = PBXContainerItemProxy;
			containerPortal = 5B33C1152749320A00F6A3EA /* Project object */;
			proxyType = 1;
			remoteGlobalIDString = 5B33C11C2749320A00F6A3EA;
			remoteInfo = DeFiHack;
		};
/* End PBXContainerItemProxy section */

/* Begin PBXFileReference section */
		5B33C11D2749320A00F6A3EA /* DeFiHack.app */ = {isa = PBXFileReference; explicitFileType = wrapper.application; includeInIndex = 0; path = DeFiHack.app; sourceTree = BUILT_PRODUCTS_DIR; };
		5B33C1202749320A00F6A3EA /* AppDelegate.swift */ = {isa = PBXFileReference; lastKnownFileType = sourcecode.swift; path = AppDelegate.swift; sourceTree = "<group>"; };
		5B33C1222749320A00F6A3EA /* SceneDelegate.swift */ = {isa = PBXFileReference; lastKnownFileType = sourcecode.swift; path = SceneDelegate.swift; sourceTree = "<group>"; };
		5B33C1242749320A00F6A3EA /* ViewController.swift */ = {isa = PBXFileReference; lastKnownFileType = sourcecode.swift; path = ViewController.swift; sourceTree = "<group>"; };
		5B33C1272749320A00F6A3EA /* Base */ = {isa = PBXFileReference; lastKnownFileType = file.storyboard; name = Base; path = Base.lproj/Main.storyboard; sourceTree = "<group>"; };
		5B33C1292749320B00F6A3EA /* Assets.xcassets */ = {isa = PBXFileReference; lastKnownFileType = folder.assetcatalog; path = Assets.xcassets; sourceTree = "<group>"; };
		5B33C12C2749320B00F6A3EA /* Base */ = {isa = PBXFileReference; lastKnownFileType = file.storyboard; name = Base; path = Base.lproj/LaunchScreen.storyboard; sourceTree = "<group>"; };
		5B33C12E2749320B00F6A3EA /* Info.plist */ = {isa = PBXFileReference; lastKnownFileType = text.plist.xml; path = Info.plist; sourceTree = "<group>"; };
		5B33C1332749320B00F6A3EA /* DeFiHackTests.xctest */ = {isa = PBXFileReference; explicitFileType = wrapper.cfbundle; includeInIndex = 0; path = DeFiHackTests.xctest; sourceTree = BUILT_PRODUCTS_DIR; };
		5B33C1372749320B00F6A3EA /* DeFiHackTests.swift */ = {isa = PBXFileReference; lastKnownFileType = sourcecode.swift; path = DeFiHackTests.swift; sourceTree = "<group>"; };
		5B33C13D2749320B00F6A3EA /* DeFiHackUITests.xctest */ = {isa = PBXFileReference; explicitFileType = wrapper.cfbundle; includeInIndex = 0; path = DeFiHackUITests.xctest; sourceTree = BUILT_PRODUCTS_DIR; };
		5B33C1412749320B00F6A3EA /* DeFiHackUITests.swift */ = {isa = PBXFileReference; lastKnownFileType = sourcecode.swift; path = DeFiHackUITests.swift; sourceTree = "<group>"; };
		5B33C1432749320B00F6A3EA /* DeFiHackUITestsLaunchTests.swift */ = {isa = PBXFileReference; lastKnownFileType = sourcecode.swift; path = DeFiHackUITestsLaunchTests.swift; sourceTree = "<group>"; };
/* End PBXFileReference section */

/* Begin PBXFrameworksBuildPhase section */
		5B33C11A2749320A00F6A3EA /* Frameworks */ = {
			isa = PBXFrameworksBuildPhase;
			buildActionMask = 2147483647;
			files = (
			);
			runOnlyForDeploymentPostprocessing = 0;
		};
		5B33C1302749320B00F6A3EA /* Frameworks */ = {
			isa = PBXFrameworksBuildPhase;
			buildActionMask = 2147483647;
			files = (
			);
			runOnlyForDeploymentPostprocessing = 0;
		};
		5B33C13A2749320B00F6A3EA /* Frameworks */ = {
			isa = PBXFrameworksBuildPhase;
			buildActionMask = 2147483647;
			files = (
			);
			runOnlyForDeploymentPostprocessing = 0;
		};
/* End PBXFrameworksBuildPhase section */

/* Begin PBXGroup section */
		5B33C1142749320A00F6A3EA = {
			isa = PBXGroup;
			children = (
				5B33C11F2749320A00F6A3EA /* DeFiHack */,
				5B33C1362749320B00F6A3EA /* DeFiHackTests */,
				5B33C1402749320B00F6A3EA /* DeFiHackUITests */,
				5B33C11E2749320A00F6A3EA /* Products */,
			);
			sourceTree = "<group>";
		};
		5B33C11E2749320A00F6A3EA /* Products */ = {
			isa = PBXGroup;
			children = (
				5B33C11D2749320A00F6A3EA /* DeFiHack.app */,
				5B33C1332749320B00F6A3EA /* DeFiHackTests.xctest */,
				5B33C13D2749320B00F6A3EA /* DeFiHackUITests.xctest */,
			);
			name = Products;
			sourceTree = "<group>";
		};
		5B33C11F2749320A00F6A3EA /* DeFiHack */ = {
			isa = PBXGroup;
			children = (
				5B33C1202749320A00F6A3EA /* AppDelegate.swift */,
				5B33C1222749320A00F6A3EA /* SceneDelegate.swift */,
				5B33C1242749320A00F6A3EA /* ViewController.swift */,
				5B33C1262749320A00F6A3EA /* Main.storyboard */,
				5B33C1292749320B00F6A3EA /* Assets.xcassets */,
				5B33C12B2749320B00F6A3EA /* LaunchScreen.storyboard */,
				5B33C12E2749320B00F6A3EA /* Info.plist */,
			);
			path = DeFiHack;
			sourceTree = "<group>";
		};
		5B33C1362749320B00F6A3EA /* DeFiHackTests */ = {
			isa = PBXGroup;
			children = (
				5B33C1372749320B00F6A3EA /* DeFiHackTests.swift */,
			);
			path = DeFiHackTests;
			sourceTree = "<group>";
		};
		5B33C1402749320B00F6A3EA /* DeFiHackUITests */ = {
			isa = PBXGroup;
			children = (
				5B33C1412749320B00F6A3EA /* DeFiHackUITests.swift */,
				5B33C1432749320B00F6A3EA /* DeFiHackUITestsLaunchTests.swift */,
			);
			path = DeFiHackUITests;
			sourceTree = "<group>";
		};
/* End PBXGroup section */

/* Begin PBXNativeTarget section */
		5B33C11C2749320A00F6A3EA /* DeFiHack */ = {
			isa = PBXNativeTarget;
			buildConfigurationList = 5B33C1472749320B00F6A3EA /* Build configuration list for PBXNativeTarget "DeFiHack" */;
			buildPhases = (
				5B33C1192749320A00F6A3EA /* Sources */,
				5B33C11A2749320A00F6A3EA /* Frameworks */,
				5B33C11B2749320A00F6A3EA /* Resources */,
			);
			buildRules = (
			);
			dependencies = (
			);
			name = DeFiHack;
			productName = DeFiHack;
			productReference = 5B33C11D2749320A00F6A3EA /* DeFiHack.app */;
			productType = "com.apple.product-type.application";
		};
		5B33C1322749320B00F6A3EA /* DeFiHackTests */ = {
			isa = PBXNativeTarget;
			buildConfigurationList = 5B33C14A2749320B00F6A3EA /* Build configuration list for PBXNativeTarget "DeFiHackTests" */;
			buildPhases = (
				5B33C12F2749320B00F6A3EA /* Sources */,
				5B33C1302749320B00F6A3EA /* Frameworks */,
				5B33C1312749320B00F6A3EA /* Resources */,
			);
			buildRules = (
			);
			dependencies = (
				5B33C1352749320B00F6A3EA /* PBXTargetDependency */,
			);
			name = DeFiHackTests;
			productName = DeFiHackTests;
			productReference = 5B33C1332749320B00F6A3EA /* DeFiHackTests.xctest */;
			productType = "com.apple.product-type.bundle.unit-test";
		};
		5B33C13C2749320B00F6A3EA /* DeFiHackUITests */ = {
			isa = PBXNativeTarget;
			buildConfigurationList = 5B33C14D2749320B00F6A3EA /* Build configuration list for PBXNativeTarget "DeFiHackUITests" */;
			buildPhases = (
				5B33C1392749320B00F6A3EA /* Sources */,
				5B33C13A2749320B00F6A3EA /* Frameworks */,
				5B33C13B2749320B00F6A3EA /* Resources */,
			);
			buildRules = (
			);
			dependencies = (
				5B33C13F2749320B00F6A3EA /* PBXTargetDependency */,
			);
			name = DeFiHackUITests;
			productName = DeFiHackUITests;
			productReference = 5B33C13D2749320B00F6A3EA /* DeFiHackUITests.xctest */;
			productType = "com.apple.product-type.bundle.ui-testing";
		};
/* End PBXNativeTarget section */

/* Begin PBXProject section */
		5B33C1152749320A00F6A3EA /* Project object */ = {
			isa = PBXProject;
			attributes = {
				BuildIndependentTargetsInParallel = 1;
				LastSwiftUpdateCheck = 1310;
				LastUpgradeCheck = 1310;
				TargetAttributes = {
					5B33C11C2749320A00F6A3EA = {
						CreatedOnToolsVersion = 13.1;
					};
					5B33C1322749320B00F6A3EA = {
						CreatedOnToolsVersion = 13.1;
						TestTargetID = 5B33C11C2749320A00F6A3EA;
					};
					5B33C13C2749320B00F6A3EA = {
						CreatedOnToolsVersion = 13.1;
						TestTargetID = 5B33C11C2749320A00F6A3EA;
					};
				};
			};
			buildConfigurationList = 5B33C1182749320A00F6A3EA /* Build configuration list for PBXProject "DeFiHack" */;
			compatibilityVersion = "Xcode 13.0";
			developmentRegion = en;
			hasScannedForEncodings = 0;
			knownRegions = (
				en,
				Base,
			);
			mainGroup = 5B33C1142749320A00F6A3EA;
			productRefGroup = 5B33C11E2749320A00F6A3EA /* Products */;
			projectDirPath = "";
			projectRoot = "";
			targets = (
				5B33C11C2749320A00F6A3EA /* DeFiHack */,
				5B33C1322749320B00F6A3EA /* DeFiHackTests */,
				5B33C13C2749320B00F6A3EA /* DeFiHackUITests */,
			);
		};
/* End PBXProject section */

/* Begin PBXResourcesBuildPhase section */
		5B33C11B2749320A00F6A3EA /* Resources */ = {
			isa = PBXResourcesBuildPhase;
			buildActionMask = 2147483647;
			files = (
				5B33C12D2749320B00F6A3EA /* LaunchScreen.storyboard in Resources */,
				5B33C12A2749320B00F6A3EA /* Assets.xcassets in Resources */,
				5B33C1282749320A00F6A3EA /* Main.storyboard in Resources */,
			);
			runOnlyForDeploymentPostprocessing = 0;
		};
		5B33C1312749320B00F6A3EA /* Resources */ = {
			isa = PBXResourcesBuildPhase;
			buildActionMask = 2147483647;
			files = (
			);
			runOnlyForDeploymentPostprocessing = 0;
		};
		5B33C13B2749320B00F6A3EA /* Resources */ = {
			isa = PBXResourcesBuildPhase;
			buildActionMask = 2147483647;
			files = (
			);
			runOnlyForDeploymentPostprocessing = 0;
		};
/* End PBXResourcesBuildPhase section */

/* Begin PBXSourcesBuildPhase section */
		5B33C1192749320A00F6A3EA /* Sources */ = {
			isa = PBXSourcesBuildPhase;
			buildActionMask = 2147483647;
			files = (
				5B33C1252749320A00F6A3EA /* ViewController.swift in Sources */,
				5B33C1212749320A00F6A3EA /* AppDelegate.swift in Sources */,
				5B33C1232749320A00F6A3EA /* SceneDelegate.swift in Sources */,
			);
			runOnlyForDeploymentPostprocessing = 0;
		};
		5B33C12F2749320B00F6A3EA /* Sources */ = {
			isa = PBXSourcesBuildPhase;
			buildActionMask = 2147483647;
			files = (
				5B33C1382749320B00F6A3EA /* DeFiHackTests.swift in Sources */,
			);
			runOnlyForDeploymentPostprocessing = 0;
		};
		5B33C1392749320B00F6A3EA /* Sources */ = {
			isa = PBXSourcesBuildPhase;
			buildActionMask = 2147483647;
			files = (
				5B33C1442749320B00F6A3EA /* DeFiHackUITestsLaunchTests.swift in Sources */,
				5B33C1422749320B00F6A3EA /* DeFiHackUITests.swift in Sources */,
			);
			runOnlyForDeploymentPostprocessing = 0;
		};
/* End PBXSourcesBuildPhase section */

/* Begin PBXTargetDependency section */
		5B33C1352749320B00F6A3EA /* PBXTargetDependency */ = {
			isa = PBXTargetDependency;
			target = 5B33C11C2749320A00F6A3EA /* DeFiHack */;
			targetProxy = 5B33C1342749320B00F6A3EA /* PBXContainerItemProxy */;
		};
		5B33C13F2749320B00F6A3EA /* PBXTargetDependency */ = {
			isa = PBXTargetDependency;
			target = 5B33C11C2749320A00F6A3EA /* DeFiHack */;
			targetProxy = 5B33C13E2749320B00F6A3EA /* PBXContainerItemProxy */;
		};
/* End PBXTargetDependency section */

/* Begin PBXVariantGroup section */
		5B33C1262749320A00F6A3EA /* Main.storyboard */ = {
			isa = PBXVariantGroup;
			children = (
				5B33C1272749320A00F6A3EA /* Base */,
			);
			name = Main.storyboard;
			sourceTree = "<group>";
		};
		5B33C12B2749320B00F6A3EA /* LaunchScreen.storyboard */ = {
			isa = PBXVariantGroup;
			children = (
				5B33C12C2749320B00F6A3EA /* Base */,
			);
			name = LaunchScreen.storyboard;
			sourceTree = "<group>";
		};
/* End PBXVariantGroup section */

/* Begin XCBuildConfiguration section */
		5B33C1452749320B00F6A3EA /* Debug */ = {
			isa = XCBuildConfiguration;
			buildSettings = {
				ALWAYS_SEARCH_USER_PATHS = NO;
				CLANG_ANALYZER_NONNULL = YES;
				CLANG_ANALYZER_NUMBER_OBJECT_CONVERSION = YES_AGGRESSIVE;
				CLANG_CXX_LANGUAGE_STANDARD = "gnu++17";
				CLANG_CXX_LIBRARY = "libc++";
				CLANG_ENABLE_MODULES = YES;
				CLANG_ENABLE_OBJC_ARC = YES;
				CLANG_ENABLE_OBJC_WEAK = YES;
				CLANG_WARN_BLOCK_CAPTURE_AUTORELEASING = YES;
				CLANG_WARN_BOOL_CONVERSION = YES;
				CLANG_WARN_COMMA = YES;
				CLANG_WARN_CONSTANT_CONVERSION = YES;
				CLANG_WARN_DEPRECATED_OBJC_IMPLEMENTATIONS = YES;
				CLANG_WARN_DIRECT_OBJC_ISA_USAGE = YES_ERROR;
				CLANG_WARN_DOCUMENTATION_COMMENTS = YES;
				CLANG_WARN_EMPTY_BODY = YES;
				CLANG_WARN_ENUM_CONVERSION = YES;
				CLANG_WARN_INFINITE_RECURSION = YES;
				CLANG_WARN_INT_CONVERSION = YES;
				CLANG_WARN_NON_LITERAL_NULL_CONVERSION = YES;
				CLANG_WARN_OBJC_IMPLICIT_RETAIN_SELF = YES;
				CLANG_WARN_OBJC_LITERAL_CONVERSION = YES;
				CLANG_WARN_OBJC_ROOT_CLASS = YES_ERROR;
				CLANG_WARN_QUOTED_INCLUDE_IN_FRAMEWORK_HEADER = YES;
				CLANG_WARN_RANGE_LOOP_ANALYSIS = YES;
				CLANG_WARN_STRICT_PROTOTYPES = YES;
				CLANG_WARN_SUSPICIOUS_MOVE = YES;
				CLANG_WARN_UNGUARDED_AVAILABILITY = YES_AGGRESSIVE;
				CLANG_WARN_UNREACHABLE_CODE = YES;
				CLANG_WARN__DUPLICATE_METHOD_MATCH = YES;
				COPY_PHASE_STRIP = NO;
				DEBUG_INFORMATION_FORMAT = dwarf;
				ENABLE_STRICT_OBJC_MSGSEND = YES;
				ENABLE_TESTABILITY = YES;
				GCC_C_LANGUAGE_STANDARD = gnu11;
				GCC_DYNAMIC_NO_PIC = NO;
				GCC_NO_COMMON_BLOCKS = YES;
				GCC_OPTIMIZATION_LEVEL = 0;
				GCC_PREPROCESSOR_DEFINITIONS = (
					"DEBUG=1",
					"$(inherited)",
				);
				GCC_WARN_64_TO_32_BIT_CONVERSION = YES;
				GCC_WARN_ABOUT_RETURN_TYPE = YES_ERROR;
				GCC_WARN_UNDECLARED_SELECTOR = YES;
				GCC_WARN_UNINITIALIZED_AUTOS = YES_AGGRESSIVE;
				GCC_WARN_UNUSED_FUNCTION = YES;
				GCC_WARN_UNUSED_VARIABLE = YES;
				IPHONEOS_DEPLOYMENT_TARGET = 15.0;
				MTL_ENABLE_DEBUG_INFO = INCLUDE_SOURCE;
				MTL_FAST_MATH = YES;
				ONLY_ACTIVE_ARCH = YES;
				SDKROOT = iphoneos;
				SWIFT_ACTIVE_COMPILATION_CONDITIONS = DEBUG;
				SWIFT_OPTIMIZATION_LEVEL = "-Onone";
			};
			name = Debug;
		};
		5B33C1462749320B00F6A3EA /* Release */ = {
			isa = XCBuildConfiguration;
			buildSettings = {
				ALWAYS_SEARCH_USER_PATHS = NO;
				CLANG_ANALYZER_NONNULL = YES;
				CLANG_ANALYZER_NUMBER_OBJECT_CONVERSION = YES_AGGRESSIVE;
				CLANG_CXX_LANGUAGE_STANDARD = "gnu++17";
				CLANG_CXX_LIBRARY = "libc++";
				CLANG_ENABLE_MODULES = YES;
				CLANG_ENABLE_OBJC_ARC = YES;
				CLANG_ENABLE_OBJC_WEAK = YES;
				CLANG_WARN_BLOCK_CAPTURE_AUTORELEASING = YES;
				CLANG_WARN_BOOL_CONVERSION = YES;
				CLANG_WARN_COMMA = YES;
				CLANG_WARN_CONSTANT_CONVERSION = YES;
				CLANG_WARN_DEPRECATED_OBJC_IMPLEMENTATIONS = YES;
				CLANG_WARN_DIRECT_OBJC_ISA_USAGE = YES_ERROR;
				CLANG_WARN_DOCUMENTATION_COMMENTS = YES;
				CLANG_WARN_EMPTY_BODY = YES;
				CLANG_WARN_ENUM_CONVERSION = YES;
				CLANG_WARN_INFINITE_RECURSION = YES;
				CLANG_WARN_INT_CONVERSION = YES;
				CLANG_WARN_NON_LITERAL_NULL_CONVERSION = YES;
				CLANG_WARN_OBJC_IMPLICIT_RETAIN_SELF = YES;
				CLANG_WARN_OBJC_LITERAL_CONVERSION = YES;
				CLANG_WARN_OBJC_ROOT_CLASS = YES_ERROR;
				CLANG_WARN_QUOTED_INCLUDE_IN_FRAMEWORK_HEADER = YES;
				CLANG_WARN_RANGE_LOOP_ANALYSIS = YES;
				CLANG_WARN_STRICT_PROTOTYPES = YES;
				CLANG_WARN_SUSPICIOUS_MOVE = YES;
				CLANG_WARN_UNGUARDED_AVAILABILITY = YES_AGGRESSIVE;
				CLANG_WARN_UNREACHABLE_CODE = YES;
				CLANG_WARN__DUPLICATE_METHOD_MATCH = YES;
				COPY_PHASE_STRIP = NO;
				DEBUG_INFORMATION_FORMAT = "dwarf-with-dsym";
				ENABLE_NS_ASSERTIONS = NO;
				ENABLE_STRICT_OBJC_MSGSEND = YES;
				GCC_C_LANGUAGE_STANDARD = gnu11;
				GCC_NO_COMMON_BLOCKS = YES;
				GCC_WARN_64_TO_32_BIT_CONVERSION = YES;
				GCC_WARN_ABOUT_RETURN_TYPE = YES_ERROR;
				GCC_WARN_UNDECLARED_SELECTOR = YES;
				GCC_WARN_UNINITIALIZED_AUTOS = YES_AGGRESSIVE;
				GCC_WARN_UNUSED_FUNCTION = YES;
				GCC_WARN_UNUSED_VARIABLE = YES;
				IPHONEOS_DEPLOYMENT_TARGET = 15.0;
				MTL_ENABLE_DEBUG_INFO = NO;
				MTL_FAST_MATH = YES;
				SDKROOT = iphoneos;
				SWIFT_COMPILATION_MODE = wholemodule;
				SWIFT_OPTIMIZATION_LEVEL = "-O";
				VALIDATE_PRODUCT = YES;
			};
			name = Release;
		};
		5B33C1482749320B00F6A3EA /* Debug */ = {
			isa = XCBuildConfiguration;
			buildSettings = {
				ASSETCATALOG_COMPILER_APPICON_NAME = AppIcon;
				ASSETCATALOG_COMPILER_GLOBAL_ACCENT_COLOR_NAME = AccentColor;
				CODE_SIGN_STYLE = Automatic;
				CURRENT_PROJECT_VERSION = 1;
				DEVELOPMENT_TEAM = W2GW658D8J;
				GENERATE_INFOPLIST_FILE = YES;
				INFOPLIST_FILE = DeFiHack/Info.plist;
				INFOPLIST_KEY_UIApplicationSupportsIndirectInputEvents = YES;
				INFOPLIST_KEY_UILaunchStoryboardName = LaunchScreen;
				INFOPLIST_KEY_UIMainStoryboardFile = Main;
				INFOPLIST_KEY_UISupportedInterfaceOrientations_iPad = "UIInterfaceOrientationPortrait UIInterfaceOrientationPortraitUpsideDown UIInterfaceOrientationLandscapeLeft UIInterfaceOrientationLandscapeRight";
				INFOPLIST_KEY_UISupportedInterfaceOrientations_iPhone = "UIInterfaceOrientationPortrait UIInterfaceOrientationLandscapeLeft UIInterfaceOrientationLandscapeRight";
				LD_RUNPATH_SEARCH_PATHS = (
					"$(inherited)",
					"@executable_path/Frameworks",
				);
				MARKETING_VERSION = 1.0;
				PRODUCT_BUNDLE_IDENTIFIER = tech.criptohackers.DeFiHack;
				PRODUCT_NAME = "$(TARGET_NAME)";
				SWIFT_EMIT_LOC_STRINGS = YES;
				SWIFT_VERSION = 5.0;
				TARGETED_DEVICE_FAMILY = "1,2";
			};
			name = Debug;
		};
		5B33C1492749320B00F6A3EA /* Release */ = {
			isa = XCBuildConfiguration;
			buildSettings = {
				ASSETCATALOG_COMPILER_APPICON_NAME = AppIcon;
				ASSETCATALOG_COMPILER_GLOBAL_ACCENT_COLOR_NAME = AccentColor;
				CODE_SIGN_STYLE = Automatic;
				CURRENT_PROJECT_VERSION = 1;
				DEVELOPMENT_TEAM = W2GW658D8J;
				GENERATE_INFOPLIST_FILE = YES;
				INFOPLIST_FILE = DeFiHack/Info.plist;
				INFOPLIST_KEY_UIApplicationSupportsIndirectInputEvents = YES;
				INFOPLIST_KEY_UILaunchStoryboardName = LaunchScreen;
				INFOPLIST_KEY_UIMainStoryboardFile = Main;
				INFOPLIST_KEY_UISupportedInterfaceOrientations_iPad = "UIInterfaceOrientationPortrait UIInterfaceOrientationPortraitUpsideDown UIInterfaceOrientationLandscapeLeft UIInterfaceOrientationLandscapeRight";
				INFOPLIST_KEY_UISupportedInterfaceOrientations_iPhone = "UIInterfaceOrientationPortrait UIInterfaceOrientationLandscapeLeft UIInterfaceOrientationLandscapeRight";
				LD_RUNPATH_SEARCH_PATHS = (
					"$(inherited)",
					"@executable_path/Frameworks",
				);
				MARKETING_VERSION = 1.0;
				PRODUCT_BUNDLE_IDENTIFIER = tech.criptohackers.DeFiHack;
				PRODUCT_NAME = "$(TARGET_NAME)";
				SWIFT_EMIT_LOC_STRINGS = YES;
				SWIFT_VERSION = 5.0;
				TARGETED_DEVICE_FAMILY = "1,2";
			};
			name = Release;
		};
		5B33C14B2749320B00F6A3EA /* Debug */ = {
			isa = XCBuildConfiguration;
			buildSettings = {
				ALWAYS_EMBED_SWIFT_STANDARD_LIBRARIES = YES;
				BUNDLE_LOADER = "$(TEST_HOST)";
				CODE_SIGN_STYLE = Automatic;
				CURRENT_PROJECT_VERSION = 1;
				DEVELOPMENT_TEAM = W2GW658D8J;
				GENERATE_INFOPLIST_FILE = YES;
				IPHONEOS_DEPLOYMENT_TARGET = 15.0;
				LD_RUNPATH_SEARCH_PATHS = (
					"$(inherited)",
					"@executable_path/Frameworks",
					"@loader_path/Frameworks",
				);
				MARKETING_VERSION = 1.0;
				PRODUCT_BUNDLE_IDENTIFIER = tech.criptohackers.DeFiHackTests;
				PRODUCT_NAME = "$(TARGET_NAME)";
				SWIFT_EMIT_LOC_STRINGS = NO;
				SWIFT_VERSION = 5.0;
				TARGETED_DEVICE_FAMILY = "1,2";
				TEST_HOST = "$(BUILT_PRODUCTS_DIR)/DeFiHack.app/DeFiHack";
			};
			name = Debug;
		};
		5B33C14C2749320B00F6A3EA /* Release */ = {
			isa = XCBuildConfiguration;
			buildSettings = {
				ALWAYS_EMBED_SWIFT_STANDARD_LIBRARIES = YES;
				BUNDLE_LOADER = "$(TEST_HOST)";
				CODE_SIGN_STYLE = Automatic;
				CURRENT_PROJECT_VERSION = 1;
				DEVELOPMENT_TEAM = W2GW658D8J;
				GENERATE_INFOPLIST_FILE = YES;
				IPHONEOS_DEPLOYMENT_TARGET = 15.0;
				LD_RUNPATH_SEARCH_PATHS = (
					"$(inherited)",
					"@executable_path/Frameworks",
					"@loader_path/Frameworks",
				);
				MARKETING_VERSION = 1.0;
				PRODUCT_BUNDLE_IDENTIFIER = tech.criptohackers.DeFiHackTests;
				PRODUCT_NAME = "$(TARGET_NAME)";
				SWIFT_EMIT_LOC_STRINGS = NO;
				SWIFT_VERSION = 5.0;
				TARGETED_DEVICE_FAMILY = "1,2";
				TEST_HOST = "$(BUILT_PRODUCTS_DIR)/DeFiHack.app/DeFiHack";
			};
			name = Release;
		};
		5B33C14E2749320B00F6A3EA /* Debug */ = {
			isa = XCBuildConfiguration;
			buildSettings = {
				ALWAYS_EMBED_SWIFT_STANDARD_LIBRARIES = YES;
				CODE_SIGN_STYLE = Automatic;
				CURRENT_PROJECT_VERSION = 1;
				DEVELOPMENT_TEAM = W2GW658D8J;
				GENERATE_INFOPLIST_FILE = YES;
				LD_RUNPATH_SEARCH_PATHS = (
					"$(inherited)",
					"@executable_path/Frameworks",
					"@loader_path/Frameworks",
				);
				MARKETING_VERSION = 1.0;
				PRODUCT_BUNDLE_IDENTIFIER = tech.criptohackers.DeFiHackUITests;
				PRODUCT_NAME = "$(TARGET_NAME)";
				SWIFT_EMIT_LOC_STRINGS = NO;
				SWIFT_VERSION = 5.0;
				TARGETED_DEVICE_FAMILY = "1,2";
				TEST_TARGET_NAME = DeFiHack;
			};
			name = Debug;
		};
		5B33C14F2749320B00F6A3EA /* Release */ = {
			isa = XCBuildConfiguration;
			buildSettings = {
				ALWAYS_EMBED_SWIFT_STANDARD_LIBRARIES = YES;
				CODE_SIGN_STYLE = Automatic;
				CURRENT_PROJECT_VERSION = 1;
				DEVELOPMENT_TEAM = W2GW658D8J;
				GENERATE_INFOPLIST_FILE = YES;
				LD_RUNPATH_SEARCH_PATHS = (
					"$(inherited)",
					"@executable_path/Frameworks",
					"@loader_path/Frameworks",
				);
				MARKETING_VERSION = 1.0;
				PRODUCT_BUNDLE_IDENTIFIER = tech.criptohackers.DeFiHackUITests;
				PRODUCT_NAME = "$(TARGET_NAME)";
				SWIFT_EMIT_LOC_STRINGS = NO;
				SWIFT_VERSION = 5.0;
				TARGETED_DEVICE_FAMILY = "1,2";
				TEST_TARGET_NAME = DeFiHack;
			};
			name = Release;
		};
/* End XCBuildConfiguration section */

/* Begin XCConfigurationList section */
		5B33C1182749320A00F6A3EA /* Build configuration list for PBXProject "DeFiHack" */ = {
			isa = XCConfigurationList;
			buildConfigurations = (
				5B33C1452749320B00F6A3EA /* Debug */,
				5B33C1462749320B00F6A3EA /* Release */,
			);
			defaultConfigurationIsVisible = 0;
			defaultConfigurationName = Release;
		};
		5B33C1472749320B00F6A3EA /* Build configuration list for PBXNativeTarget "DeFiHack" */ = {
			isa = XCConfigurationList;
			buildConfigurations = (
				5B33C1482749320B00F6A3EA /* Debug */,
				5B33C1492749320B00F6A3EA /* Release */,
			);
			defaultConfigurationIsVisible = 0;
			defaultConfigurationName = Release;
		};
		5B33C14A2749320B00F6A3EA /* Build configuration list for PBXNativeTarget "DeFiHackTests" */ = {
			isa = XCConfigurationList;
			buildConfigurations = (
				5B33C14B2749320B00F6A3EA /* Debug */,
				5B33C14C2749320B00F6A3EA /* Release */,
			);
			defaultConfigurationIsVisible = 0;
			defaultConfigurationName = Release;
		};
		5B33C14D2749320B00F6A3EA /* Build configuration list for PBXNativeTarget "DeFiHackUITests" */ = {
			isa = XCConfigurationList;
			buildConfigurations = (
				5B33C14E2749320B00F6A3EA /* Debug */,
				5B33C14F2749320B00F6A3EA /* Release */,
			);
			defaultConfigurationIsVisible = 0;
			defaultConfigurationName = Release;
		};
/* End XCConfigurationList section */
	};
	rootObject = 5B33C1152749320A00F6A3EA /* Project object */;
}
